
Microsoft Visual Studio Solution File, Format Version 12.00
Project("{FAE04EC0-301F-11D3-BF4B-00C04F79EFBC}") = "PrototypeJsonMaterializer", "PrototypeJsonMaterializer\PrototypeJsonMaterializer.csproj", "{CBC29B10-3C35-48AA-B1B7-EE2E56AE3D99}"
EndProject
Global
	GlobalSection(SolutionConfigurationPlatforms) = preSolution
		Debug|Any CPU = Debug|Any CPU
		Release|Any CPU = Release|Any CPU
	EndGlobalSection
	GlobalSection(ProjectConfigurationPlatforms) = postSolution
		{CBC29B10-3C35-48AA-B1B7-EE2E56AE3D99}.Debug|Any CPU.ActiveCfg = Debug|Any CPU
		{CBC29B10-3C35-48AA-B1B7-EE2E56AE3D99}.Debug|Any CPU.Build.0 = Debug|Any CPU
		{CBC29B10-3C35-48AA-B1B7-EE2E56AE3D99}.Release|Any CPU.ActiveCfg = Release|Any CPU
		{CBC29B10-3C35-48AA-B1B7-EE2E56AE3D99}.Release|Any CPU.Build.0 = Release|Any CPU
	EndGlobalSection
EndGlobal
